{
    "_readme": [
        "This file locks the dependencies of your project to a known state",
        "Read more about it at https://getcomposer.org/doc/01-basic-usage.md#composer-lock-the-lock-file",
        "This file is @generated automatically"
    ],
    "hash": "fff5f00c76a01162acef590a25480cb9",
    "content-hash": "71bb2321acf802bed7f2901855011077",
    "packages": [
        {
            "name": "nerd-components/config",
            "version": "dev-master",
            "source": {
                "type": "git",
                "url": "https://github.com/nerd-components/config.git",
                "reference": "7e4eb180026e2cb464820a45cea3cc3b0a2fd3b7"
            },
            "dist": {
                "type": "zip",
                "url": "https://api.github.com/repos/nerd-components/config/zipball/7e4eb180026e2cb464820a45cea3cc3b0a2fd3b7",
                "reference": "7e4eb180026e2cb464820a45cea3cc3b0a2fd3b7",
                "shasum": ""
            },
            "require-dev": {
                "phpunit/phpunit": "^5.5",
                "satooshi/php-coveralls": "^1.0",
                "squizlabs/php_codesniffer": "^2.6"
            },
            "type": "library",
            "autoload": {
                "files": [
                    "src/Config.php",
                    "src/Formats.php",
                    "src/Parsers/PHP.php",
                    "src/Parsers/JSON.php",
                    "src/Parsers/INI.php"
                ]
            },
            "notification-url": "https://packagist.org/downloads/",
            "license": [
                "MIT"
            ],
            "authors": [
                {
                    "name": "Roman Lakhtadyr",
                    "email": "roman.lakhtadyr@gmail.com"
                }
            ],
            "description": "Simple stateless configuration manager",
            "time": "2016-10-08 20:14:42"
        },
        {
            "name": "nerd-framework/nerd-container",
            "version": "dev-master",
            "source": {
                "type": "git",
                "url": "https://github.com/nerd-framework/nerd-container.git",
                "reference": "77d54670df76737d207e5319a2fd2988429afd6c"
            },
            "dist": {
                "type": "zip",
                "url": "https://api.github.com/repos/nerd-framework/nerd-container/zipball/77d54670df76737d207e5319a2fd2988429afd6c",
                "reference": "77d54670df76737d207e5319a2fd2988429afd6c",
                "shasum": ""
            },
            "require": {
                "nerd-framework/nerd-contracts": "dev-master",
                "php": ">=5.6"
            },
            "require-dev": {
                "phpunit/phpunit": "~5.3",
                "satooshi/php-coveralls": "^1.0",
                "squizlabs/php_codesniffer": "2.*"
            },
            "type": "library",
            "autoload": {
                "psr-4": {
                    "Nerd\\": "src/Nerd/",
                    "tests\\": "tests/"
                }
            },
            "notification-url": "https://packagist.org/downloads/",
            "authors": [
                {
                    "name": "Roman Lakhtadyr",
                    "email": "roman.lakhtadyr@gmail.com"
                }
            ],
            "description": "Lightweight IoC container with dependency injection",
            "time": "2016-10-11 14:03:49"
        },
        {
            "name": "nerd-framework/nerd-contracts",
            "version": "dev-master",
            "source": {
                "type": "git",
                "url": "https://github.com/nerd-framework/nerd-contracts.git",
                "reference": "35031d230a7ecba892028fac921c8bd0603f0dfd"
            },
            "dist": {
                "type": "zip",
                "url": "https://api.github.com/repos/nerd-framework/nerd-contracts/zipball/35031d230a7ecba892028fac921c8bd0603f0dfd",
                "reference": "35031d230a7ecba892028fac921c8bd0603f0dfd",
                "shasum": ""
            },
            "require-dev": {
                "phpunit/phpunit": "^5.5",
                "satooshi/php-coveralls": "^1.0",
                "squizlabs/php_codesniffer": "^2.7"
            },
            "type": "library",
            "autoload": {
                "psr-4": {
                    "": "src/"
                }
            },
            "notification-url": "https://packagist.org/downloads/",
            "license": [
                "MIT"
            ],
            "authors": [
                {
                    "name": "Roman Lakhtadyr",
                    "email": "roman.lakhtadyr@gmail.com"
                }
            ],
            "description": "Framework contracts used in Nerd Framework",
            "time": "2016-10-13 18:52:59"
        },
        {
            "name": "nerd-framework/nerd-framework",
            "version": "dev-master",
            "source": {
                "type": "git",
                "url": "https://github.com/nerd-framework/nerd-framework.git",
                "reference": "9a74ff1148c017c77e23f4d6812ec8883417da54"
            },
            "dist": {
                "type": "zip",
                "url": "https://api.github.com/repos/nerd-framework/nerd-framework/zipball/9a74ff1148c017c77e23f4d6812ec8883417da54",
                "reference": "9a74ff1148c017c77e23f4d6812ec8883417da54",
                "shasum": ""
            },
            "require": {
                "nerd-components/config": "dev-master",
                "nerd-framework/nerd-container": "dev-master",
                "nerd-framework/nerd-contracts": "dev-master",
                "nerd-framework/nerd-http": "dev-master"
            },
            "require-dev": {
                "phpunit/phpunit": "^5.6",
                "satooshi/php-coveralls": "^1.0",
                "squizlabs/php_codesniffer": "^2.7"
            },
            "type": "project",
            "autoload": {
                "psr-4": {
                    "": "src/",
                    "tests\\": "tests/"
                },
                "files": []
            },
            "notification-url": "https://packagist.org/downloads/",
            "license": [
                "MIT"
            ],
            "authors": [
                {
                    "name": "Roman Lakhtadyr",
                    "email": "roman.lakhtadyr@gmail.com"
                }
            ],
            "description": "Nerd Framework",
            "time": "2016-10-13 19:06:50"
        },
        {
            "name": "nerd-framework/nerd-http",
            "version": "dev-master",
            "source": {
                "type": "git",
                "url": "https://github.com/nerd-framework/nerd-http.git",
                "reference": "d4c411ee326dcde74c854983e1ed0053b9206d63"
            },
            "dist": {
                "type": "zip",
                "url": "https://api.github.com/repos/nerd-framework/nerd-http/zipball/d4c411ee326dcde74c854983e1ed0053b9206d63",
                "reference": "d4c411ee326dcde74c854983e1ed0053b9206d63",
                "shasum": ""
            },
            "require": {
                "nerd-framework/nerd-contracts": "dev-master",
                "php": ">=5.6"
            },
            "require-dev": {
                "mikey179/vfsstream": "^1.6",
                "phpunit/phpunit": "^5.5",
                "satooshi/php-coveralls": "^1.0",
                "squizlabs/php_codesniffer": "^2.7"
            },
            "type": "library",
            "autoload": {
                "files": [],
                "psr-4": {
                    "": "src/",
                    "tests\\": "tests/"
                }
            },
            "notification-url": "https://packagist.org/downloads/",
            "license": [
                "MIT"
            ],
            "authors": [
                {
                    "name": "Roman Lakhtadyr",
                    "email": "roman.lakhtadyr@gmail.com"
                }
            ],
            "description": "HTTP Request and Response for Nerd Framework",
            "time": "2016-10-13 18:00:00"
        },
        {
            "name": "nerd-framework/nerd-io-backend",
            "version": "dev-master",
            "source": {
                "type": "git",
                "url": "https://github.com/nerd-framework/nerd-io-backend.git",
                "reference": "5464d835e6f935553994a7d8526e4173990dd7a7"
            },
            "dist": {
                "type": "zip",
                "url": "https://api.github.com/repos/nerd-framework/nerd-io-backend/zipball/5464d835e6f935553994a7d8526e4173990dd7a7",
                "reference": "5464d835e6f935553994a7d8526e4173990dd7a7",
                "shasum": ""
            },
            "require": {
                "nerd-framework/nerd-contracts": "dev-master",
                "nerd-framework/nerd-http": "dev-master"
            },
            "require-dev": {
                "phpunit/phpunit": "^5.6",
                "squizlabs/php_codesniffer": "^2.7"
            },
            "type": "library",
            "autoload": {
                "psr-4": {
                    "": "src/",
                    "tests\\": "tests"
                }
            },
            "notification-url": "https://packagist.org/downloads/",
            "license": [
                "MIT"
            ],
            "authors": [
                {
                    "name": "Roman Lakhtadyr",
                    "email": "roman.lakhtadyr@gmail.com"
                }
            ],
            "time": "2016-10-13 18:05:41"
        }
    ],
    "packages-dev": [],
    "aliases": [],
    "minimum-stability": "dev",
    "stability-flags": {
        "nerd-framework/nerd-framework": 20,
        "nerd-framework/nerd-io-backend": 20
    },
    "prefer-stable": true,
    "prefer-lowest": false,
    "platform": [],
    "platform-dev": []
}
