{
    "_readme": [
        "This file locks the dependencies of your project to a known state",
        "Read more about it at https://getcomposer.org/doc/01-basic-usage.md#composer-lock-the-lock-file",
        "This file is @generated automatically"
    ],
    "hash": "57c5976dfc33aeea64e317eb678b1c7f",
    "content-hash": "8fa3d56ae239b221bc7529591f9255c5",
    "packages": [
        {
            "name": "nerd-components/config",
            "version": "dev-master",
            "source": {
                "type": "git",
                "url": "https://github.com/nerd-components/config.git",
                "reference": "c5d2d17ee56b1093a150b6406a8b0f738866599e"
            },
            "dist": {
                "type": "zip",
                "url": "https://api.github.com/repos/nerd-components/config/zipball/c5d2d17ee56b1093a150b6406a8b0f738866599e",
                "reference": "c5d2d17ee56b1093a150b6406a8b0f738866599e",
                "shasum": ""
            },
            "require-dev": {
                "phpunit/phpunit": "^5.5",
                "satooshi/php-coveralls": "^1.0",
                "squizlabs/php_codesniffer": "^2.6"
            },
            "type": "library",
            "autoload": {
                "files": [
                    "src/Config.php",
                    "src/Formats.php",
                    "src/Parsers/PHP.php",
                    "src/Parsers/JSON.php",
                    "src/Parsers/INI.php"
                ]
            },
            "notification-url": "https://packagist.org/downloads/",
            "license": [
                "MIT"
            ],
            "authors": [
                {
                    "name": "Roman Lakhtadyr",
                    "email": "roman.lakhtadyr@gmail.com"
                }
            ],
            "description": "Simple stateless configuration manager",
            "time": "2016-10-02 16:32:44"
        },
        {
            "name": "nerd-components/lambda",
            "version": "v2.0.1",
            "source": {
                "type": "git",
                "url": "https://github.com/nerd-components/lambda.git",
                "reference": "d966ea6141695946278e10101684af57e2ad0e77"
            },
            "dist": {
                "type": "zip",
                "url": "https://api.github.com/repos/nerd-components/lambda/zipball/d966ea6141695946278e10101684af57e2ad0e77",
                "reference": "d966ea6141695946278e10101684af57e2ad0e77",
                "shasum": ""
            },
            "require": {
                "php": ">=5.6"
            },
            "require-dev": {
                "phpunit/phpunit": "^5.3",
                "satooshi/php-coveralls": "^1.0",
                "squizlabs/php_codesniffer": "~2.6"
            },
            "type": "library",
            "autoload": {
                "psr-4": {
                    "tests\\": "tests"
                },
                "files": [
                    "src/Lambda.php"
                ]
            },
            "notification-url": "https://packagist.org/downloads/",
            "license": [
                "MIT"
            ],
            "authors": [
                {
                    "name": "Roman Lakhtadyr",
                    "email": "roman.lakhtadyr@gmail.com"
                }
            ],
            "description": "Lambda-function generator",
            "time": "2016-10-05 06:41:07"
        },
        {
            "name": "nerd-components/path-utils",
            "version": "dev-master",
            "source": {
                "type": "git",
                "url": "https://github.com/nerd-components/path-utils.git",
                "reference": "03aba0b7984cf9c822967ed481a1058affc3a6d0"
            },
            "dist": {
                "type": "zip",
                "url": "https://api.github.com/repos/nerd-components/path-utils/zipball/03aba0b7984cf9c822967ed481a1058affc3a6d0",
                "reference": "03aba0b7984cf9c822967ed481a1058affc3a6d0",
                "shasum": ""
            },
            "require-dev": {
                "phpunit/phpunit": "^5.5",
                "satooshi/php-coveralls": "^1.0",
                "squizlabs/php_codesniffer": "^2.6"
            },
            "type": "library",
            "autoload": {
                "files": [
                    "src/PathUtils.php"
                ]
            },
            "notification-url": "https://packagist.org/downloads/",
            "license": [
                "MIT"
            ],
            "authors": [
                {
                    "name": "Roman Lakhtadyr",
                    "email": "roman.lakhtadyr@gmail.com"
                }
            ],
            "description": "Functions for manipulations with directory paths",
            "time": "2016-10-08 19:55:43"
        },
        {
            "name": "nerd-framework/nerd-container",
            "version": "dev-master",
            "source": {
                "type": "git",
                "url": "https://github.com/nerd-framework/nerd-container.git",
                "reference": "fc309a25e8955b6b94a6daf267c21ffb3a95cd9b"
            },
            "dist": {
                "type": "zip",
                "url": "https://api.github.com/repos/nerd-framework/nerd-container/zipball/fc309a25e8955b6b94a6daf267c21ffb3a95cd9b",
                "reference": "fc309a25e8955b6b94a6daf267c21ffb3a95cd9b",
                "shasum": ""
            },
            "require": {
                "php": ">=5.6"
            },
            "require-dev": {
                "phpunit/phpunit": "~5.3",
                "satooshi/php-coveralls": "^1.0",
                "squizlabs/php_codesniffer": "2.*"
            },
            "type": "library",
            "autoload": {
                "psr-4": {
                    "Nerd\\": "src/Nerd/",
                    "tests\\": "tests/"
                }
            },
            "notification-url": "https://packagist.org/downloads/",
            "authors": [
                {
                    "name": "Roman Lakhtadyr",
                    "email": "roman.lakhtadyr@gmail.com"
                }
            ],
            "description": "Lightweight IoC container with dependency injection",
            "time": "2016-10-06 13:32:41"
        },
        {
            "name": "nerd-framework/nerd-contracts",
            "version": "dev-master",
            "source": {
                "type": "git",
                "url": "https://github.com/nerd-framework/nerd-contracts.git",
                "reference": "1eed3b642a0326bda263282f272bfb81a60928dd"
            },
            "dist": {
                "type": "zip",
                "url": "https://api.github.com/repos/nerd-framework/nerd-contracts/zipball/1eed3b642a0326bda263282f272bfb81a60928dd",
                "reference": "1eed3b642a0326bda263282f272bfb81a60928dd",
                "shasum": ""
            },
            "require-dev": {
                "phpunit/phpunit": "^5.5",
                "satooshi/php-coveralls": "^1.0",
                "squizlabs/php_codesniffer": "^2.7"
            },
            "type": "library",
            "autoload": {
                "psr-4": {
                    "": "src/"
                }
            },
            "notification-url": "https://packagist.org/downloads/",
            "license": [
                "MIT"
            ],
            "authors": [
                {
                    "name": "Roman Lakhtadyr",
                    "email": "roman.lakhtadyr@gmail.com"
                }
            ],
            "description": "Contracts used in Nerd Framework",
            "time": "2016-10-06 14:31:53"
        },
        {
            "name": "nerd-framework/nerd-framework",
            "version": "dev-master",
            "source": {
                "type": "git",
                "url": "https://github.com/nerd-framework/nerd-framework.git",
                "reference": "8d2ee61a2954f95cd35fbf165800cb9527abf496"
            },
            "dist": {
                "type": "zip",
                "url": "https://api.github.com/repos/nerd-framework/nerd-framework/zipball/8d2ee61a2954f95cd35fbf165800cb9527abf496",
                "reference": "8d2ee61a2954f95cd35fbf165800cb9527abf496",
                "shasum": ""
            },
            "require": {
                "nerd-components/config": "dev-master",
                "nerd-framework/nerd-container": "dev-master",
                "nerd-framework/nerd-contracts": "dev-master",
                "nerd-framework/nerd-http": "dev-master",
                "nerd-framework/nerd-routing": "dev-master"
            },
            "require-dev": {
                "phpunit/phpunit": "^5.5",
                "satooshi/php-coveralls": "^1.0",
                "squizlabs/php_codesniffer": "^2.7"
            },
            "type": "project",
            "autoload": {
                "psr-4": {
                    "": "src/",
                    "tests\\": "tests/"
                }
            },
            "notification-url": "https://packagist.org/downloads/",
            "license": [
                "MIT"
            ],
            "authors": [
                {
                    "name": "Roman Lakhtadyr",
                    "email": "roman.lakhtadyr@gmail.com"
                }
            ],
            "description": "Nerd Framework",
            "time": "2016-10-06 13:41:00"
        },
        {
            "name": "nerd-framework/nerd-http",
            "version": "dev-master",
            "source": {
                "type": "git",
                "url": "https://github.com/nerd-framework/nerd-http.git",
                "reference": "418e33e017c8294f843fe693d5fe7b5ab5ddd39f"
            },
            "dist": {
                "type": "zip",
                "url": "https://api.github.com/repos/nerd-framework/nerd-http/zipball/418e33e017c8294f843fe693d5fe7b5ab5ddd39f",
                "reference": "418e33e017c8294f843fe693d5fe7b5ab5ddd39f",
                "shasum": ""
            },
            "require": {
                "nerd-framework/nerd-contracts": "dev-master",
                "php": ">=5.6"
            },
            "require-dev": {
                "phpunit/phpunit": "^5.5",
                "satooshi/php-coveralls": "^1.0",
                "squizlabs/php_codesniffer": "^2.7"
            },
            "type": "library",
            "autoload": {
                "files": [],
                "psr-4": {
                    "": "src/"
                }
            },
            "notification-url": "https://packagist.org/downloads/",
            "license": [
                "MIT"
            ],
            "authors": [
                {
                    "name": "Roman Lakhtadyr",
                    "email": "roman.lakhtadyr@gmail.com"
                }
            ],
            "description": "HTTP Request and Response for Nerd Framework",
            "time": "2016-10-06 13:10:30"
        },
        {
            "name": "nerd-framework/nerd-routing",
            "version": "dev-master",
            "source": {
                "type": "git",
                "url": "https://github.com/nerd-framework/nerd-routing.git",
                "reference": "03d044181f91a4b4428181a29a85a7ee8a803cfd"
            },
            "dist": {
                "type": "zip",
                "url": "https://api.github.com/repos/nerd-framework/nerd-routing/zipball/03d044181f91a4b4428181a29a85a7ee8a803cfd",
                "reference": "03d044181f91a4b4428181a29a85a7ee8a803cfd",
                "shasum": ""
            },
            "require": {
                "nerd-components/lambda": "^2.0",
                "nerd-framework/nerd-contracts": "dev-master",
                "php": ">=5.6"
            },
            "require-dev": {
                "phpunit/phpunit": "~5.3",
                "satooshi/php-coveralls": "^1.0",
                "squizlabs/php_codesniffer": "2.*"
            },
            "type": "library",
            "autoload": {
                "psr-4": {
                    "": "src/",
                    "tests\\": "tests/"
                },
                "files": [
                    "src/Nerd/Framework/Routing.php"
                ]
            },
            "notification-url": "https://packagist.org/downloads/",
            "authors": [
                {
                    "name": "Roman Lakhtadyr",
                    "email": "roman.lakhtadyr@gmail.com"
                }
            ],
            "description": "Router used in Nerd Framework",
            "time": "2016-10-06 13:17:35"
        }
    ],
    "packages-dev": [],
    "aliases": [],
    "minimum-stability": "dev",
    "stability-flags": {
        "nerd-framework/nerd-framework": 20,
        "nerd-components/path-utils": 20
    },
    "prefer-stable": true,
    "prefer-lowest": false,
    "platform": [],
    "platform-dev": []
}
